// !$*UTF8*$!
{
	archiveVersion = 1;
	classes = {
	};
	objectVersion = 50;
	objects = {

/* Begin PBXBuildFile section */
		6A53EB9221F347DF008D7532 /* AppDelegate.swift in Sources */ = {isa = PBXBuildFile; fileRef = 6A53EB9121F347DF008D7532 /* AppDelegate.swift */; };
		6A53EB9721F347DF008D7532 /* Main.storyboard in Resources */ = {isa = PBXBuildFile; fileRef = 6A53EB9521F347DF008D7532 /* Main.storyboard */; };
		6A53EB9A21F347DF008D7532 /* Nasa_Pictures.xcdatamodeld in Sources */ = {isa = PBXBuildFile; fileRef = 6A53EB9821F347DF008D7532 /* Nasa_Pictures.xcdatamodeld */; };
		6A53EB9C21F347E2008D7532 /* Assets.xcassets in Resources */ = {isa = PBXBuildFile; fileRef = 6A53EB9B21F347E2008D7532 /* Assets.xcassets */; };
		6A53EB9F21F347E2008D7532 /* LaunchScreen.storyboard in Resources */ = {isa = PBXBuildFile; fileRef = 6A53EB9D21F347E2008D7532 /* LaunchScreen.storyboard */; };
		6A53EBAE21F34897008D7532 /* Camera.swift in Sources */ = {isa = PBXBuildFile; fileRef = 6A53EBA921F34897008D7532 /* Camera.swift */; };
		6A53EBB021F34897008D7532 /* Cameras.swift in Sources */ = {isa = PBXBuildFile; fileRef = 6A53EBAB21F34897008D7532 /* Cameras.swift */; };
		6A53EBB121F34897008D7532 /* Photos.swift in Sources */ = {isa = PBXBuildFile; fileRef = 6A53EBAC21F34897008D7532 /* Photos.swift */; };
		6A53EBB221F34897008D7532 /* Rover.swift in Sources */ = {isa = PBXBuildFile; fileRef = 6A53EBAD21F34897008D7532 /* Rover.swift */; };
		6A53EBB621F34982008D7532 /* Result.swift in Sources */ = {isa = PBXBuildFile; fileRef = 6A53EBB521F34982008D7532 /* Result.swift */; };
		6A53EBB821F34A3D008D7532 /* Constants.swift in Sources */ = {isa = PBXBuildFile; fileRef = 6A53EBB721F34A3D008D7532 /* Constants.swift */; };
		6A53EBBA21F34BB5008D7532 /* Client.swift in Sources */ = {isa = PBXBuildFile; fileRef = 6A53EBB921F34BB5008D7532 /* Client.swift */; };
		6A5E6FA921F77AF500234138 /* HomeViewController.swift in Sources */ = {isa = PBXBuildFile; fileRef = 6A5E6FA821F77AF500234138 /* HomeViewController.swift */; };
		6A5E6FAB21F77B5F00234138 /* PictureDetailViewController.swift in Sources */ = {isa = PBXBuildFile; fileRef = 6A5E6FAA21F77B5F00234138 /* PictureDetailViewController.swift */; };
		6AB58C7021F6790A00DA2362 /* Modal.swift in Sources */ = {isa = PBXBuildFile; fileRef = 6AB58C6E21F6790A00DA2362 /* Modal.swift */; };
		6AB58C7121F6790A00DA2362 /* CustomAlertView.swift in Sources */ = {isa = PBXBuildFile; fileRef = 6AB58C6F21F6790A00DA2362 /* CustomAlertView.swift */; };
/* End PBXBuildFile section */

/* Begin PBXFileReference section */
		6A53EB8E21F347DF008D7532 /* Nasa Pictures.app */ = {isa = PBXFileReference; explicitFileType = wrapper.application; includeInIndex = 0; path = "Nasa Pictures.app"; sourceTree = BUILT_PRODUCTS_DIR; };
		6A53EB9121F347DF008D7532 /* AppDelegate.swift */ = {isa = PBXFileReference; lastKnownFileType = sourcecode.swift; path = AppDelegate.swift; sourceTree = "<group>"; };
		6A53EB9621F347DF008D7532 /* Base */ = {isa = PBXFileReference; lastKnownFileType = file.storyboard; name = Base; path = Base.lproj/Main.storyboard; sourceTree = "<group>"; };
		6A53EB9921F347DF008D7532 /* Nasa_Pictures.xcdatamodel */ = {isa = PBXFileReference; lastKnownFileType = wrapper.xcdatamodel; path = Nasa_Pictures.xcdatamodel; sourceTree = "<group>"; };
		6A53EB9B21F347E2008D7532 /* Assets.xcassets */ = {isa = PBXFileReference; lastKnownFileType = folder.assetcatalog; path = Assets.xcassets; sourceTree = "<group>"; };
		6A53EB9E21F347E2008D7532 /* Base */ = {isa = PBXFileReference; lastKnownFileType = file.storyboard; name = Base; path = Base.lproj/LaunchScreen.storyboard; sourceTree = "<group>"; };
		6A53EBA021F347E2008D7532 /* Info.plist */ = {isa = PBXFileReference; lastKnownFileType = text.plist.xml; path = Info.plist; sourceTree = "<group>"; };
		6A53EBA921F34897008D7532 /* Camera.swift */ = {isa = PBXFileReference; fileEncoding = 4; lastKnownFileType = sourcecode.swift; name = Camera.swift; path = ../../../../Downloads/codegen_5c43103311666/Camera.swift; sourceTree = "<group>"; };
		6A53EBAB21F34897008D7532 /* Cameras.swift */ = {isa = PBXFileReference; fileEncoding = 4; lastKnownFileType = sourcecode.swift; name = Cameras.swift; path = ../../../../Downloads/codegen_5c43103311666/Cameras.swift; sourceTree = "<group>"; };
		6A53EBAC21F34897008D7532 /* Photos.swift */ = {isa = PBXFileReference; fileEncoding = 4; lastKnownFileType = sourcecode.swift; name = Photos.swift; path = ../../../../Downloads/codegen_5c43103311666/Photos.swift; sourceTree = "<group>"; };
		6A53EBAD21F34897008D7532 /* Rover.swift */ = {isa = PBXFileReference; fileEncoding = 4; lastKnownFileType = sourcecode.swift; name = Rover.swift; path = ../../../../Downloads/codegen_5c43103311666/Rover.swift; sourceTree = "<group>"; };
		6A53EBB521F34982008D7532 /* Result.swift */ = {isa = PBXFileReference; lastKnownFileType = sourcecode.swift; path = Result.swift; sourceTree = "<group>"; };
		6A53EBB721F34A3D008D7532 /* Constants.swift */ = {isa = PBXFileReference; lastKnownFileType = sourcecode.swift; path = Constants.swift; sourceTree = "<group>"; };
		6A53EBB921F34BB5008D7532 /* Client.swift */ = {isa = PBXFileReference; lastKnownFileType = sourcecode.swift; path = Client.swift; sourceTree = "<group>"; };
		6A5E6FA821F77AF500234138 /* HomeViewController.swift */ = {isa = PBXFileReference; lastKnownFileType = sourcecode.swift; path = HomeViewController.swift; sourceTree = "<group>"; };
		6A5E6FAA21F77B5F00234138 /* PictureDetailViewController.swift */ = {isa = PBXFileReference; lastKnownFileType = sourcecode.swift; path = PictureDetailViewController.swift; sourceTree = "<group>"; };
		6AB58C6E21F6790A00DA2362 /* Modal.swift */ = {isa = PBXFileReference; fileEncoding = 4; lastKnownFileType = sourcecode.swift; name = Modal.swift; path = "../../../udacity1/Ta No Mapa/Ta No Mapa/View/Modal.swift"; sourceTree = "<group>"; };
		6AB58C6F21F6790A00DA2362 /* CustomAlertView.swift */ = {isa = PBXFileReference; fileEncoding = 4; lastKnownFileType = sourcecode.swift; name = CustomAlertView.swift; path = "../../../udacity1/Ta No Mapa/Ta No Mapa/View/CustomAlertView.swift"; sourceTree = "<group>"; };
/* End PBXFileReference section */

/* Begin PBXFrameworksBuildPhase section */
		6A53EB8B21F347DF008D7532 /* Frameworks */ = {
			isa = PBXFrameworksBuildPhase;
			buildActionMask = 2147483647;
			files = (
			);
			runOnlyForDeploymentPostprocessing = 0;
		};
/* End PBXFrameworksBuildPhase section */

/* Begin PBXGroup section */
		6A53EB8521F347DF008D7532 = {
			isa = PBXGroup;
			children = (
				6A53EB9021F347DF008D7532 /* Nasa Pictures */,
				6A53EB8F21F347DF008D7532 /* Products */,
			);
			sourceTree = "<group>";
		};
		6A53EB8F21F347DF008D7532 /* Products */ = {
			isa = PBXGroup;
			children = (
				6A53EB8E21F347DF008D7532 /* Nasa Pictures.app */,
			);
			name = Products;
			sourceTree = "<group>";
		};
		6A53EB9021F347DF008D7532 /* Nasa Pictures */ = {
			isa = PBXGroup;
			children = (
				6A5E6F7C21F73E2900234138 /* Scenes */,
				6A53EBA821F34862008D7532 /* Controller */,
				6A53EBA721F3485D008D7532 /* View */,
				6A53EBA621F3484B008D7532 /* Model */,
				6A53EB9121F347DF008D7532 /* AppDelegate.swift */,
				6A53EB9B21F347E2008D7532 /* Assets.xcassets */,
				6A53EBA021F347E2008D7532 /* Info.plist */,
				6A53EB9821F347DF008D7532 /* Nasa_Pictures.xcdatamodeld */,
			);
			path = "Nasa Pictures";
			sourceTree = "<group>";
		};
		6A53EBA621F3484B008D7532 /* Model */ = {
			isa = PBXGroup;
			children = (
				6A53EBA921F34897008D7532 /* Camera.swift */,
				6A53EBAB21F34897008D7532 /* Cameras.swift */,
				6A53EBAC21F34897008D7532 /* Photos.swift */,
				6A53EBAD21F34897008D7532 /* Rover.swift */,
				6A53EBB521F34982008D7532 /* Result.swift */,
				6A53EBB721F34A3D008D7532 /* Constants.swift */,
				6A53EBB921F34BB5008D7532 /* Client.swift */,
			);
			path = Model;
			sourceTree = "<group>";
		};
		6A53EBA721F3485D008D7532 /* View */ = {
			isa = PBXGroup;
			children = (
				6AB58C6F21F6790A00DA2362 /* CustomAlertView.swift */,
				6AB58C6E21F6790A00DA2362 /* Modal.swift */,
				6A53EB9521F347DF008D7532 /* Main.storyboard */,
				6A53EB9D21F347E2008D7532 /* LaunchScreen.storyboard */,
			);
			path = View;
			sourceTree = "<group>";
		};
		6A53EBA821F34862008D7532 /* Controller */ = {
			isa = PBXGroup;
			children = (
				6A5E6FA821F77AF500234138 /* HomeViewController.swift */,
				6A5E6FAA21F77B5F00234138 /* PictureDetailViewController.swift */,
			);
			path = Controller;
			sourceTree = "<group>";
		};
		6A5E6F7C21F73E2900234138 /* Scenes */ = {
			isa = PBXGroup;
			children = (
			);
			path = Scenes;
			sourceTree = "<group>";
		};
/* End PBXGroup section */

/* Begin PBXNativeTarget section */
		6A53EB8D21F347DF008D7532 /* Nasa Pictures */ = {
			isa = PBXNativeTarget;
			buildConfigurationList = 6A53EBA321F347E2008D7532 /* Build configuration list for PBXNativeTarget "Nasa Pictures" */;
			buildPhases = (
				6A53EB8A21F347DF008D7532 /* Sources */,
				6A53EB8B21F347DF008D7532 /* Frameworks */,
				6A53EB8C21F347DF008D7532 /* Resources */,
			);
			buildRules = (
			);
			dependencies = (
			);
			name = "Nasa Pictures";
			productName = "Nasa Pictures";
			productReference = 6A53EB8E21F347DF008D7532 /* Nasa Pictures.app */;
			productType = "com.apple.product-type.application";
		};
/* End PBXNativeTarget section */

/* Begin PBXProject section */
		6A53EB8621F347DF008D7532 /* Project object */ = {
			isa = PBXProject;
			attributes = {
				LastSwiftUpdateCheck = 1010;
				LastUpgradeCheck = 1010;
				ORGANIZATIONNAME = "Lucas Daniel";
				TargetAttributes = {
					6A53EB8D21F347DF008D7532 = {
						CreatedOnToolsVersion = 10.1;
					};
				};
			};
			buildConfigurationList = 6A53EB8921F347DF008D7532 /* Build configuration list for PBXProject "Nasa Pictures" */;
			compatibilityVersion = "Xcode 9.3";
			developmentRegion = en;
			hasScannedForEncodings = 0;
			knownRegions = (
				en,
				Base,
			);
			mainGroup = 6A53EB8521F347DF008D7532;
			productRefGroup = 6A53EB8F21F347DF008D7532 /* Products */;
			projectDirPath = "";
			projectRoot = "";
			targets = (
				6A53EB8D21F347DF008D7532 /* Nasa Pictures */,
			);
		};
/* End PBXProject section */

/* Begin PBXResourcesBuildPhase section */
		6A53EB8C21F347DF008D7532 /* Resources */ = {
			isa = PBXResourcesBuildPhase;
			buildActionMask = 2147483647;
			files = (
				6A53EB9F21F347E2008D7532 /* LaunchScreen.storyboard in Resources */,
				6A53EB9C21F347E2008D7532 /* Assets.xcassets in Resources */,
				6A53EB9721F347DF008D7532 /* Main.storyboard in Resources */,
			);
			runOnlyForDeploymentPostprocessing = 0;
		};
/* End PBXResourcesBuildPhase section */

/* Begin PBXSourcesBuildPhase section */
		6A53EB8A21F347DF008D7532 /* Sources */ = {
			isa = PBXSourcesBuildPhase;
			buildActionMask = 2147483647;
			files = (
				6A53EBB021F34897008D7532 /* Cameras.swift in Sources */,
				6A5E6FA921F77AF500234138 /* HomeViewController.swift in Sources */,
				6AB58C7121F6790A00DA2362 /* CustomAlertView.swift in Sources */,
				6A53EBAE21F34897008D7532 /* Camera.swift in Sources */,
				6A53EB9221F347DF008D7532 /* AppDelegate.swift in Sources */,
				6A53EBB221F34897008D7532 /* Rover.swift in Sources */,
				6A53EB9A21F347DF008D7532 /* Nasa_Pictures.xcdatamodeld in Sources */,
				6A53EBB621F34982008D7532 /* Result.swift in Sources */,
				6AB58C7021F6790A00DA2362 /* Modal.swift in Sources */,
				6A53EBB121F34897008D7532 /* Photos.swift in Sources */,
				6A5E6FAB21F77B5F00234138 /* PictureDetailViewController.swift in Sources */,
				6A53EBBA21F34BB5008D7532 /* Client.swift in Sources */,
				6A53EBB821F34A3D008D7532 /* Constants.swift in Sources */,
			);
			runOnlyForDeploymentPostprocessing = 0;
		};
/* End PBXSourcesBuildPhase section */

/* Begin PBXVariantGroup section */
		6A53EB9521F347DF008D7532 /* Main.storyboard */ = {
			isa = PBXVariantGroup;
			children = (
				6A53EB9621F347DF008D7532 /* Base */,
			);
			name = Main.storyboard;
			sourceTree = "<group>";
		};
		6A53EB9D21F347E2008D7532 /* LaunchScreen.storyboard */ = {
			isa = PBXVariantGroup;
			children = (
				6A53EB9E21F347E2008D7532 /* Base */,
			);
			name = LaunchScreen.storyboard;
			sourceTree = "<group>";
		};
/* End PBXVariantGroup section */

/* Begin XCBuildConfiguration section */
		6A53EBA121F347E2008D7532 /* Debug */ = {
			isa = XCBuildConfiguration;
			buildSettings = {
				ALWAYS_SEARCH_USER_PATHS = NO;
				CLANG_ANALYZER_NONNULL = YES;
				CLANG_ANALYZER_NUMBER_OBJECT_CONVERSION = YES_AGGRESSIVE;
				CLANG_CXX_LANGUAGE_STANDARD = "gnu++14";
				CLANG_CXX_LIBRARY = "libc++";
				CLANG_ENABLE_MODULES = YES;
				CLANG_ENABLE_OBJC_ARC = YES;
				CLANG_ENABLE_OBJC_WEAK = YES;
				CLANG_WARN_BLOCK_CAPTURE_AUTORELEASING = YES;
				CLANG_WARN_BOOL_CONVERSION = YES;
				CLANG_WARN_COMMA = YES;
				CLANG_WARN_CONSTANT_CONVERSION = YES;
				CLANG_WARN_DEPRECATED_OBJC_IMPLEMENTATIONS = YES;
				CLANG_WARN_DIRECT_OBJC_ISA_USAGE = YES_ERROR;
				CLANG_WARN_DOCUMENTATION_COMMENTS = YES;
				CLANG_WARN_EMPTY_BODY = YES;
				CLANG_WARN_ENUM_CONVERSION = YES;
				CLANG_WARN_INFINITE_RECURSION = YES;
				CLANG_WARN_INT_CONVERSION = YES;
				CLANG_WARN_NON_LITERAL_NULL_CONVERSION = YES;
				CLANG_WARN_OBJC_IMPLICIT_RETAIN_SELF = YES;
				CLANG_WARN_OBJC_LITERAL_CONVERSION = YES;
				CLANG_WARN_OBJC_ROOT_CLASS = YES_ERROR;
				CLANG_WARN_RANGE_LOOP_ANALYSIS = YES;
				CLANG_WARN_STRICT_PROTOTYPES = YES;
				CLANG_WARN_SUSPICIOUS_MOVE = YES;
				CLANG_WARN_UNGUARDED_AVAILABILITY = YES_AGGRESSIVE;
				CLANG_WARN_UNREACHABLE_CODE = YES;
				CLANG_WARN__DUPLICATE_METHOD_MATCH = YES;
				CODE_SIGN_IDENTITY = "iPhone Developer";
				COPY_PHASE_STRIP = NO;
				DEBUG_INFORMATION_FORMAT = dwarf;
				ENABLE_STRICT_OBJC_MSGSEND = YES;
				ENABLE_TESTABILITY = YES;
				GCC_C_LANGUAGE_STANDARD = gnu11;
				GCC_DYNAMIC_NO_PIC = NO;
				GCC_NO_COMMON_BLOCKS = YES;
				GCC_OPTIMIZATION_LEVEL = 0;
				GCC_PREPROCESSOR_DEFINITIONS = (
					"DEBUG=1",
					"$(inherited)",
				);
				GCC_WARN_64_TO_32_BIT_CONVERSION = YES;
				GCC_WARN_ABOUT_RETURN_TYPE = YES_ERROR;
				GCC_WARN_UNDECLARED_SELECTOR = YES;
				GCC_WARN_UNINITIALIZED_AUTOS = YES_AGGRESSIVE;
				GCC_WARN_UNUSED_FUNCTION = YES;
				GCC_WARN_UNUSED_VARIABLE = YES;
				IPHONEOS_DEPLOYMENT_TARGET = 12.1;
				MTL_ENABLE_DEBUG_INFO = INCLUDE_SOURCE;
				MTL_FAST_MATH = YES;
				ONLY_ACTIVE_ARCH = YES;
				SDKROOT = iphoneos;
				SWIFT_ACTIVE_COMPILATION_CONDITIONS = DEBUG;
				SWIFT_OPTIMIZATION_LEVEL = "-Onone";
			};
			name = Debug;
		};
		6A53EBA221F347E2008D7532 /* Release */ = {
			isa = XCBuildConfiguration;
			buildSettings = {
				ALWAYS_SEARCH_USER_PATHS = NO;
				CLANG_ANALYZER_NONNULL = YES;
				CLANG_ANALYZER_NUMBER_OBJECT_CONVERSION = YES_AGGRESSIVE;
				CLANG_CXX_LANGUAGE_STANDARD = "gnu++14";
				CLANG_CXX_LIBRARY = "libc++";
				CLANG_ENABLE_MODULES = YES;
				CLANG_ENABLE_OBJC_ARC = YES;
				CLANG_ENABLE_OBJC_WEAK = YES;
				CLANG_WARN_BLOCK_CAPTURE_AUTORELEASING = YES;
				CLANG_WARN_BOOL_CONVERSION = YES;
				CLANG_WARN_COMMA = YES;
				CLANG_WARN_CONSTANT_CONVERSION = YES;
				CLANG_WARN_DEPRECATED_OBJC_IMPLEMENTATIONS = YES;
				CLANG_WARN_DIRECT_OBJC_ISA_USAGE = YES_ERROR;
				CLANG_WARN_DOCUMENTATION_COMMENTS = YES;
				CLANG_WARN_EMPTY_BODY = YES;
				CLANG_WARN_ENUM_CONVERSION = YES;
				CLANG_WARN_INFINITE_RECURSION = YES;
				CLANG_WARN_INT_CONVERSION = YES;
				CLANG_WARN_NON_LITERAL_NULL_CONVERSION = YES;
				CLANG_WARN_OBJC_IMPLICIT_RETAIN_SELF = YES;
				CLANG_WARN_OBJC_LITERAL_CONVERSION = YES;
				CLANG_WARN_OBJC_ROOT_CLASS = YES_ERROR;
				CLANG_WARN_RANGE_LOOP_ANALYSIS = YES;
				CLANG_WARN_STRICT_PROTOTYPES = YES;
				CLANG_WARN_SUSPICIOUS_MOVE = YES;
				CLANG_WARN_UNGUARDED_AVAILABILITY = YES_AGGRESSIVE;
				CLANG_WARN_UNREACHABLE_CODE = YES;
				CLANG_WARN__DUPLICATE_METHOD_MATCH = YES;
				CODE_SIGN_IDENTITY = "iPhone Developer";
				COPY_PHASE_STRIP = NO;
				DEBUG_INFORMATION_FORMAT = "dwarf-with-dsym";
				ENABLE_NS_ASSERTIONS = NO;
				ENABLE_STRICT_OBJC_MSGSEND = YES;
				GCC_C_LANGUAGE_STANDARD = gnu11;
				GCC_NO_COMMON_BLOCKS = YES;
				GCC_WARN_64_TO_32_BIT_CONVERSION = YES;
				GCC_WARN_ABOUT_RETURN_TYPE = YES_ERROR;
				GCC_WARN_UNDECLARED_SELECTOR = YES;
				GCC_WARN_UNINITIALIZED_AUTOS = YES_AGGRESSIVE;
				GCC_WARN_UNUSED_FUNCTION = YES;
				GCC_WARN_UNUSED_VARIABLE = YES;
				IPHONEOS_DEPLOYMENT_TARGET = 12.1;
				MTL_ENABLE_DEBUG_INFO = NO;
				MTL_FAST_MATH = YES;
				SDKROOT = iphoneos;
				SWIFT_COMPILATION_MODE = wholemodule;
				SWIFT_OPTIMIZATION_LEVEL = "-O";
				VALIDATE_PRODUCT = YES;
			};
			name = Release;
		};
		6A53EBA421F347E2008D7532 /* Debug */ = {
			isa = XCBuildConfiguration;
			buildSettings = {
				ASSETCATALOG_COMPILER_APPICON_NAME = AppIcon;
				CODE_SIGN_STYLE = Automatic;
				DEVELOPMENT_TEAM = 5KRGYLJC7Z;
				INFOPLIST_FILE = "Nasa Pictures/Info.plist";
				LD_RUNPATH_SEARCH_PATHS = (
					"$(inherited)",
					"@executable_path/Frameworks",
				);
				PRODUCT_BUNDLE_IDENTIFIER = "com.app.beblue.Nasa-Pictures";
				PRODUCT_NAME = "$(TARGET_NAME)";
				SWIFT_VERSION = 4.2;
				TARGETED_DEVICE_FAMILY = "1,2";
			};
			name = Debug;
		};
		6A53EBA521F347E2008D7532 /* Release */ = {
			isa = XCBuildConfiguration;
			buildSettings = {
				ASSETCATALOG_COMPILER_APPICON_NAME = AppIcon;
				CODE_SIGN_STYLE = Automatic;
				DEVELOPMENT_TEAM = 5KRGYLJC7Z;
				INFOPLIST_FILE = "Nasa Pictures/Info.plist";
				LD_RUNPATH_SEARCH_PATHS = (
					"$(inherited)",
					"@executable_path/Frameworks",
				);
				PRODUCT_BUNDLE_IDENTIFIER = "com.app.beblue.Nasa-Pictures";
				PRODUCT_NAME = "$(TARGET_NAME)";
				SWIFT_VERSION = 4.2;
				TARGETED_DEVICE_FAMILY = "1,2";
			};
			name = Release;
		};
/* End XCBuildConfiguration section */

/* Begin XCConfigurationList section */
		6A53EB8921F347DF008D7532 /* Build configuration list for PBXProject "Nasa Pictures" */ = {
			isa = XCConfigurationList;
			buildConfigurations = (
				6A53EBA121F347E2008D7532 /* Debug */,
				6A53EBA221F347E2008D7532 /* Release */,
			);
			defaultConfigurationIsVisible = 0;
			defaultConfigurationName = Release;
		};
		6A53EBA321F347E2008D7532 /* Build configuration list for PBXNativeTarget "Nasa Pictures" */ = {
			isa = XCConfigurationList;
			buildConfigurations = (
				6A53EBA421F347E2008D7532 /* Debug */,
				6A53EBA521F347E2008D7532 /* Release */,
			);
			defaultConfigurationIsVisible = 0;
			defaultConfigurationName = Release;
		};
/* End XCConfigurationList section */

/* Begin XCVersionGroup section */
		6A53EB9821F347DF008D7532 /* Nasa_Pictures.xcdatamodeld */ = {
			isa = XCVersionGroup;
			children = (
				6A53EB9921F347DF008D7532 /* Nasa_Pictures.xcdatamodel */,
			);
			currentVersion = 6A53EB9921F347DF008D7532 /* Nasa_Pictures.xcdatamodel */;
			path = Nasa_Pictures.xcdatamodeld;
			sourceTree = "<group>";
			versionGroupType = wrapper.xcdatamodel;
		};
/* End XCVersionGroup section */
	};
	rootObject = 6A53EB8621F347DF008D7532 /* Project object */;
}
